{
  "version": 1,
  "dependencies": {
    "net8.0": {
      "BCrypt.Net-Next": {
        "type": "Direct",
        "requested": "[4.0.3, )",
        "resolved": "4.0.3",
        "contentHash": "W+U9WvmZQgi5cX6FS5GDtDoPzUCV4LkBLkywq/kRZhuDwcbavOzcDAr3LXJFqHUi952Yj3LEYoWW0jbEUQChsA=="
      },
      "Dapper": {
        "type": "Direct",
        "requested": "[2.1.28, )",
        "resolved": "2.1.28",
        "contentHash": "ha49pzOEDmCPkMxwfPSR/wxa/6RD3r42TESIgpzpi7FXq/gNVUuJVEO+wtUzntNRhtmq3BKCl0s0aAlSZLkBUA=="
      },
      "Microsoft.Extensions.Configuration.Abstractions": {
        "type": "Direct",
        "requested": "[8.0.0, )",
        "resolved": "8.0.0",
        "contentHash": "3lE/iLSutpgX1CC0NOW70FJoGARRHbyKmG7dc0klnUZ9Dd9hS6N/POPWhKhMLCEuNN5nXEY5agmlFtH562vqhQ==",
        "dependencies": {
          "Microsoft.Extensions.Primitives": "8.0.0"
        }
      },
      "Microsoft.Extensions.DependencyInjection.Abstractions": {
        "type": "Direct",
        "requested": "[8.0.2, )",
        "resolved": "8.0.2",
        "contentHash": "3iE7UF7MQkCv1cxzCahz+Y/guQbTqieyxyaWKhrRO91itI9cOKO76OHeQDahqG4MmW5umr3CcCvGmK92lWNlbg=="
      },
      "Microsoft.IdentityModel.Tokens": {
        "type": "Direct",
        "requested": "[8.1.2, )",
        "resolved": "8.1.2",
        "contentHash": "ZSzGsAA3BY20XHnsp8OjrHFtpd+pQtiu4UJDjPtXwCtEzcE5CjWP/8iZEJXy5AxVEFB0z6EwLSN+T1Fsdpjifw==",
        "dependencies": {
          "Microsoft.Bcl.TimeProvider": "8.0.1",
          "Microsoft.IdentityModel.Logging": "8.1.2"
        }
      },
      "System.IdentityModel.Tokens.Jwt": {
        "type": "Direct",
        "requested": "[8.1.2, )",
        "resolved": "8.1.2",
        "contentHash": "UoidlNYjML1ZbV5s8bLP84VpxDzv8uhHzyt5YkZwqLmFTmtOQheNuTKpR/5UWmO5Ka4JT3kVmhUNq5Li733wTg==",
        "dependencies": {
          "Microsoft.IdentityModel.JsonWebTokens": "8.1.2",
          "Microsoft.IdentityModel.Tokens": "8.1.2"
        }
      },
      "Microsoft.Bcl.TimeProvider": {
        "type": "Transitive",
        "resolved": "8.0.1",
        "contentHash": "C7kWHJnMRY7EvJev2S8+yJHZ1y7A4ZlLbA4NE+O23BDIAN5mHeqND1m+SKv1ChRS5YlCDW7yAMUe7lttRsJaAA=="
      },
      "Microsoft.Extensions.Primitives": {
        "type": "Transitive",
        "resolved": "8.0.0",
        "contentHash": "bXJEZrW9ny8vjMF1JV253WeLhpEVzFo1lyaZu1vQ4ZxWUlVvknZ/+ftFgVheLubb4eZPSwwxBeqS1JkCOjxd8g=="
      },
      "Microsoft.IdentityModel.Abstractions": {
        "type": "Transitive",
        "resolved": "8.1.2",
        "contentHash": "QSSDer3kvyTdNq6BefgX4EYi1lsia2zJUh5CfIMZFQUh6BhrXK1WE4i2C9ltUmmuUjoeVVX6AaSo9NZfpTGNdw=="
      },
      "Microsoft.IdentityModel.JsonWebTokens": {
        "type": "Transitive",
        "resolved": "8.1.2",
        "contentHash": "AWQINMvtamdYBqtG8q8muyYTfA9i5xRBEsMKQdzOn5xRzhVVDSzsNGYof1docfF3pX4hNRUpHlzs61RP0reZMw==",
        "dependencies": {
          "Microsoft.Bcl.TimeProvider": "8.0.1",
          "Microsoft.IdentityModel.Tokens": "8.1.2"
        }
      },
      "Microsoft.IdentityModel.Logging": {
        "type": "Transitive",
        "resolved": "8.1.2",
        "contentHash": "pEn//qKJcEXDsLHLzACFrT3a2kkpIGOXLEYkcuxjqWoeDnbeotu0LY9fF8+Ds9WWpVE9ZGlxXamT0VR8rxaQeA==",
        "dependencies": {
          "Microsoft.IdentityModel.Abstractions": "8.1.2"
        }
      },
      "docmap.domain": {
        "type": "Project"
      }
    }
  }
}